dependencies:
- name: loki
  repository: https://grafana.github.io/helm-charts
  version: 7.3.0
- name: kube-prometheus-stack
  repository: https://prometheus-community.github.io/helm-charts
  version: 91.5.0
- name: alloy
  repository: https://grafana.github.io/helm-charts
  version: 1.12.1
- name: cnpg-seaweedfs-backup
  repository: file://../../charts/cnpg-seaweedfs-backup
  version: 0.1.0
digest: sha256:fa0219528d93be9b740bceee6cc783503e465bcbc846a8c5a0588ff3466d63ba
generated: "2026-09-26T19:22:41.402948647-05:00"
