dependencies:
- name: loki
  repository: https://grafana.github.io/helm-charts
  version: 7.3.0
- name: kube-prometheus-stack
  repository: https://prometheus-community.github.io/helm-charts
  version: 91.7.0
- name: alloy
  repository: https://grafana.github.io/helm-charts
  version: 1.13.0
- name: cnpg-seaweedfs-backup
  repository: file://../../charts/cnpg-seaweedfs-backup
  version: 0.2.0
digest: sha256:bfc3e8fe86261ef422f52cf5fb5657071e1436ffa14c2acdccbaf3287ba5f52e
generated: "2026-09-27T21:45:09.605958764-05:00"
