dependencies:
- name: immich
  repository: oci://ghcr.io/immich-app/immich-charts
  version: 0.13.2
- name: cnpg-seaweedfs-backup
  repository: file://../../charts/cnpg-seaweedfs-backup
  version: 0.2.0
digest: sha256:4da50ca46bf38f8ab02eba29ae14bbc36a9d7c4c1199ffbca11684d73972cfdd
generated: "2026-09-27T21:45:02.217623683-05:00"
