dependencies:
- name: velero
  repository: https://vmware-tanzu.github.io/helm-charts
  version: 12.2.0
- name: s3-bucket-lib
  repository: file://../s3-bucket-lib
  version: 0.1.0
digest: sha256:6ea187cf49d281cd1a5788d2ae9f853d8c0621300c53cdccbc00a76d77bbe1f2
generated: "2026-10-04T20:35:12.119981216-05:00"
